
Microsoft Visual Studio Solution File, Format Version 12.00
# Visual Studio Version 17
VisualStudioVersion = 17.11.35312.102
MinimumVisualStudioVersion = 10.0.40219.1
Project("{FAE04EC0-301F-11D3-BF4B-00C04F79EFBC}") = "IPZ_Lab2(2)", "IPZ_Lab2(2)\IPZ_Lab2(2).csproj", "{D3681EF6-47CD-4ECA-8ADB-F569BD2D079D}"
EndProject
Global
	GlobalSection(SolutionConfigurationPlatforms) = preSolution
		Debug|Any CPU = Debug|Any CPU
		Release|Any CPU = Release|Any CPU
	EndGlobalSection
	GlobalSection(ProjectConfigurationPlatforms) = postSolution
		{D3681EF6-47CD-4ECA-8ADB-F569BD2D079D}.Debug|Any CPU.ActiveCfg = Debug|Any CPU
		{D3681EF6-47CD-4ECA-8ADB-F569BD2D079D}.Debug|Any CPU.Build.0 = Debug|Any CPU
		{D3681EF6-47CD-4ECA-8ADB-F569BD2D079D}.Release|Any CPU.ActiveCfg = Release|Any CPU
		{D3681EF6-47CD-4ECA-8ADB-F569BD2D079D}.Release|Any CPU.Build.0 = Release|Any CPU
	EndGlobalSection
	GlobalSection(SolutionProperties) = preSolution
		HideSolutionNode = FALSE
	EndGlobalSection
	GlobalSection(ExtensibilityGlobals) = postSolution
		SolutionGuid = {86824066-F6CD-4182-8188-6A98B86EDBE0}
	EndGlobalSection
EndGlobal
